// !$*UTF8*$!
{
	archiveVersion = 1;
	classes = {
	};
	objectVersion = 46;
	objects = {

/* Begin PBXBuildFile section */
		04BDB046172775A300D2B3B6 /* UIKit.framework in Frameworks */ = {isa = PBXBuildFile; fileRef = 04BDB045172775A300D2B3B6 /* UIKit.framework */; };
		04BDB048172775A300D2B3B6 /* Foundation.framework in Frameworks */ = {isa = PBXBuildFile; fileRef = 04BDB047172775A300D2B3B6 /* Foundation.framework */; };
		04BDB04A172775A300D2B3B6 /* CoreGraphics.framework in Frameworks */ = {isa = PBXBuildFile; fileRef = 04BDB049172775A300D2B3B6 /* CoreGraphics.framework */; };
		04BDB050172775A300D2B3B6 /* InfoPlist.strings in Resources */ = {isa = PBXBuildFile; fileRef = 04BDB04E172775A300D2B3B6 /* InfoPlist.strings */; };
		04BDB052172775A300D2B3B6 /* main.m in Sources */ = {isa = PBXBuildFile; fileRef = 04BDB051172775A300D2B3B6 /* main.m */; };
		04BDB056172775A300D2B3B6 /* AppDelegate.m in Sources */ = {isa = PBXBuildFile; fileRef = 04BDB055172775A300D2B3B6 /* AppDelegate.m */; };
		04BDB058172775A300D2B3B6 /* Default.png in Resources */ = {isa = PBXBuildFile; fileRef = 04BDB057172775A300D2B3B6 /* Default.png */; };
		04BDB05A172775A300D2B3B6 /* Default@2x.png in Resources */ = {isa = PBXBuildFile; fileRef = 04BDB059172775A300D2B3B6 /* Default@2x.png */; };
		04BDB05C172775A300D2B3B6 /* Default-568h@2x.png in Resources */ = {isa = PBXBuildFile; fileRef = 04BDB05B172775A300D2B3B6 /* Default-568h@2x.png */; };
		04BDB064172775B200D2B3B6 /* RootViewController.m in Sources */ = {isa = PBXBuildFile; fileRef = 04BDB063172775B200D2B3B6 /* RootViewController.m */; };
		04BDB066172775DD00D2B3B6 /* CFNetwork.framework in Frameworks */ = {isa = PBXBuildFile; fileRef = 04BDB065172775DD00D2B3B6 /* CFNetwork.framework */; };
		04BDB068172775E500D2B3B6 /* SystemConfiguration.framework in Frameworks */ = {isa = PBXBuildFile; fileRef = 04BDB067172775E500D2B3B6 /* SystemConfiguration.framework */; };
		04BDB06A172775F200D2B3B6 /* CoreMotion.framework in Frameworks */ = {isa = PBXBuildFile; fileRef = 04BDB069172775F200D2B3B6 /* CoreMotion.framework */; };
		04BDB06C172775FB00D2B3B6 /* QuartzCore.framework in Frameworks */ = {isa = PBXBuildFile; fileRef = 04BDB06B172775FB00D2B3B6 /* QuartzCore.framework */; };
		04BDB0A91727762200D2B3B6 /* ASIAuthenticationDialog.m in Sources */ = {isa = PBXBuildFile; fileRef = 04BDB0711727762200D2B3B6 /* ASIAuthenticationDialog.m */; };
		04BDB0AA1727762300D2B3B6 /* ASIDataCompressor.m in Sources */ = {isa = PBXBuildFile; fileRef = 04BDB0741727762200D2B3B6 /* ASIDataCompressor.m */; };
		04BDB0AB1727762300D2B3B6 /* ASIDataDecompressor.m in Sources */ = {isa = PBXBuildFile; fileRef = 04BDB0761727762200D2B3B6 /* ASIDataDecompressor.m */; };
		04BDB0AC1727762300D2B3B6 /* ASIDownloadCache.m in Sources */ = {isa = PBXBuildFile; fileRef = 04BDB0781727762200D2B3B6 /* ASIDownloadCache.m */; };
		04BDB0AD1727762300D2B3B6 /* ASIFormDataRequest.m in Sources */ = {isa = PBXBuildFile; fileRef = 04BDB07A1727762200D2B3B6 /* ASIFormDataRequest.m */; };
		04BDB0AE1727762300D2B3B6 /* ASIHTTPRequest.m in Sources */ = {isa = PBXBuildFile; fileRef = 04BDB07C1727762200D2B3B6 /* ASIHTTPRequest.m */; };
		04BDB0AF1727762300D2B3B6 /* ASIInputStream.m in Sources */ = {isa = PBXBuildFile; fileRef = 04BDB0801727762200D2B3B6 /* ASIInputStream.m */; };
		04BDB0B01727762300D2B3B6 /* ASINetworkQueue.m in Sources */ = {isa = PBXBuildFile; fileRef = 04BDB0821727762200D2B3B6 /* ASINetworkQueue.m */; };
		04BDB0B11727762300D2B3B6 /* ASICloudFilesCDNRequest.m in Sources */ = {isa = PBXBuildFile; fileRef = 04BDB0871727762200D2B3B6 /* ASICloudFilesCDNRequest.m */; };
		04BDB0B21727762300D2B3B6 /* ASICloudFilesContainer.m in Sources */ = {isa = PBXBuildFile; fileRef = 04BDB0891727762200D2B3B6 /* ASICloudFilesContainer.m */; };
		04BDB0B31727762300D2B3B6 /* ASICloudFilesContainerRequest.m in Sources */ = {isa = PBXBuildFile; fileRef = 04BDB08B1727762200D2B3B6 /* ASICloudFilesContainerRequest.m */; };
		04BDB0B41727762300D2B3B6 /* ASICloudFilesContainerXMLParserDelegate.m in Sources */ = {isa = PBXBuildFile; fileRef = 04BDB08D1727762200D2B3B6 /* ASICloudFilesContainerXMLParserDelegate.m */; };
		04BDB0B51727762300D2B3B6 /* ASICloudFilesObject.m in Sources */ = {isa = PBXBuildFile; fileRef = 04BDB08F1727762200D2B3B6 /* ASICloudFilesObject.m */; };
		04BDB0B61727762300D2B3B6 /* ASICloudFilesObjectRequest.m in Sources */ = {isa = PBXBuildFile; fileRef = 04BDB0911727762200D2B3B6 /* ASICloudFilesObjectRequest.m */; };
		04BDB0B71727762300D2B3B6 /* ASICloudFilesRequest.m in Sources */ = {isa = PBXBuildFile; fileRef = 04BDB0931727762200D2B3B6 /* ASICloudFilesRequest.m */; };
		04BDB0B81727762300D2B3B6 /* ASIS3Bucket.m in Sources */ = {isa = PBXBuildFile; fileRef = 04BDB0971727762200D2B3B6 /* ASIS3Bucket.m */; };
		04BDB0B91727762300D2B3B6 /* ASIS3BucketObject.m in Sources */ = {isa = PBXBuildFile; fileRef = 04BDB0991727762200D2B3B6 /* ASIS3BucketObject.m */; };
		04BDB0BA1727762300D2B3B6 /* ASIS3BucketRequest.m in Sources */ = {isa = PBXBuildFile; fileRef = 04BDB09B1727762200D2B3B6 /* ASIS3BucketRequest.m */; };
		04BDB0BB1727762300D2B3B6 /* ASIS3ObjectRequest.m in Sources */ = {isa = PBXBuildFile; fileRef = 04BDB09D1727762200D2B3B6 /* ASIS3ObjectRequest.m */; };
		04BDB0BC1727762300D2B3B6 /* ASIS3Request.m in Sources */ = {isa = PBXBuildFile; fileRef = 04BDB09F1727762200D2B3B6 /* ASIS3Request.m */; };
		04BDB0BD1727762300D2B3B6 /* ASIS3ServiceRequest.m in Sources */ = {isa = PBXBuildFile; fileRef = 04BDB0A11727762200D2B3B6 /* ASIS3ServiceRequest.m */; };
		04BDB0BE1727762300D2B3B6 /* README-GHUnit in Resources */ = {isa = PBXBuildFile; fileRef = 04BDB0A51727762200D2B3B6 /* README-GHUnit */; };
		04BDB0BF1727762300D2B3B6 /* Reachability.m in Sources */ = {isa = PBXBuildFile; fileRef = 04BDB0A81727762200D2B3B6 /* Reachability.m */; };
		04BDB0C11727763700D2B3B6 /* libz.dylib in Frameworks */ = {isa = PBXBuildFile; fileRef = 04BDB0C01727763700D2B3B6 /* libz.dylib */; };
		04BDB0C31727768A00D2B3B6 /* MobileCoreServices.framework in Frameworks */ = {isa = PBXBuildFile; fileRef = 04BDB0C21727768A00D2B3B6 /* MobileCoreServices.framework */; };
/* End PBXBuildFile section */

/* Begin PBXFileReference section */
		04BDB042172775A300D2B3B6 /* MyNumber.app */ = {isa = PBXFileReference; explicitFileType = wrapper.application; includeInIndex = 0; path = MyNumber.app; sourceTree = BUILT_PRODUCTS_DIR; };
		04BDB045172775A300D2B3B6 /* UIKit.framework */ = {isa = PBXFileReference; lastKnownFileType = wrapper.framework; name = UIKit.framework; path = System/Library/Frameworks/UIKit.framework; sourceTree = SDKROOT; };
		04BDB047172775A300D2B3B6 /* Foundation.framework */ = {isa = PBXFileReference; lastKnownFileType = wrapper.framework; name = Foundation.framework; path = System/Library/Frameworks/Foundation.framework; sourceTree = SDKROOT; };
		04BDB049172775A300D2B3B6 /* CoreGraphics.framework */ = {isa = PBXFileReference; lastKnownFileType = wrapper.framework; name = CoreGraphics.framework; path = System/Library/Frameworks/CoreGraphics.framework; sourceTree = SDKROOT; };
		04BDB04D172775A300D2B3B6 /* MyNumber-Info.plist */ = {isa = PBXFileReference; lastKnownFileType = text.plist.xml; path = "MyNumber-Info.plist"; sourceTree = "<group>"; };
		04BDB04F172775A300D2B3B6 /* en */ = {isa = PBXFileReference; lastKnownFileType = text.plist.strings; name = en; path = en.lproj/InfoPlist.strings; sourceTree = "<group>"; };
		04BDB051172775A300D2B3B6 /* main.m */ = {isa = PBXFileReference; lastKnownFileType = sourcecode.c.objc; path = main.m; sourceTree = "<group>"; };
		04BDB053172775A300D2B3B6 /* MyNumber-Prefix.pch */ = {isa = PBXFileReference; lastKnownFileType = sourcecode.c.h; path = "MyNumber-Prefix.pch"; sourceTree = "<group>"; };
		04BDB054172775A300D2B3B6 /* AppDelegate.h */ = {isa = PBXFileReference; lastKnownFileType = sourcecode.c.h; path = AppDelegate.h; sourceTree = "<group>"; };
		04BDB055172775A300D2B3B6 /* AppDelegate.m */ = {isa = PBXFileReference; lastKnownFileType = sourcecode.c.objc; path = AppDelegate.m; sourceTree = "<group>"; };
		04BDB057172775A300D2B3B6 /* Default.png */ = {isa = PBXFileReference; lastKnownFileType = image.png; path = Default.png; sourceTree = "<group>"; };
		04BDB059172775A300D2B3B6 /* Default@2x.png */ = {isa = PBXFileReference; lastKnownFileType = image.png; path = "Default@2x.png"; sourceTree = "<group>"; };
		04BDB05B172775A300D2B3B6 /* Default-568h@2x.png */ = {isa = PBXFileReference; lastKnownFileType = image.png; path = "Default-568h@2x.png"; sourceTree = "<group>"; };
		04BDB062172775B200D2B3B6 /* RootViewController.h */ = {isa = PBXFileReference; fileEncoding = 4; lastKnownFileType = sourcecode.c.h; path = RootViewController.h; sourceTree = "<group>"; };
		04BDB063172775B200D2B3B6 /* RootViewController.m */ = {isa = PBXFileReference; fileEncoding = 4; lastKnownFileType = sourcecode.c.objc; path = RootViewController.m; sourceTree = "<group>"; };
		04BDB065172775DD00D2B3B6 /* CFNetwork.framework */ = {isa = PBXFileReference; lastKnownFileType = wrapper.framework; name = CFNetwork.framework; path = System/Library/Frameworks/CFNetwork.framework; sourceTree = SDKROOT; };
		04BDB067172775E500D2B3B6 /* SystemConfiguration.framework */ = {isa = PBXFileReference; lastKnownFileType = wrapper.framework; name = SystemConfiguration.framework; path = System/Library/Frameworks/SystemConfiguration.framework; sourceTree = SDKROOT; };
		04BDB069172775F200D2B3B6 /* CoreMotion.framework */ = {isa = PBXFileReference; lastKnownFileType = wrapper.framework; name = CoreMotion.framework; path = System/Library/Frameworks/CoreMotion.framework; sourceTree = SDKROOT; };
		04BDB06B172775FB00D2B3B6 /* QuartzCore.framework */ = {isa = PBXFileReference; lastKnownFileType = wrapper.framework; name = QuartzCore.framework; path = System/Library/Frameworks/QuartzCore.framework; sourceTree = SDKROOT; };
		04BDB0701727762200D2B3B6 /* ASIAuthenticationDialog.h */ = {isa = PBXFileReference; fileEncoding = 4; lastKnownFileType = sourcecode.c.h; path = ASIAuthenticationDialog.h; sourceTree = "<group>"; };
		04BDB0711727762200D2B3B6 /* ASIAuthenticationDialog.m */ = {isa = PBXFileReference; fileEncoding = 4; lastKnownFileType = sourcecode.c.objc; path = ASIAuthenticationDialog.m; sourceTree = "<group>"; };
		04BDB0721727762200D2B3B6 /* ASICacheDelegate.h */ = {isa = PBXFileReference; fileEncoding = 4; lastKnownFileType = sourcecode.c.h; path = ASICacheDelegate.h; sourceTree = "<group>"; };
		04BDB0731727762200D2B3B6 /* ASIDataCompressor.h */ = {isa = PBXFileReference; fileEncoding = 4; lastKnownFileType = sourcecode.c.h; path = ASIDataCompressor.h; sourceTree = "<group>"; };
		04BDB0741727762200D2B3B6 /* ASIDataCompressor.m */ = {isa = PBXFileReference; fileEncoding = 4; lastKnownFileType = sourcecode.c.objc; path = ASIDataCompressor.m; sourceTree = "<group>"; };
		04BDB0751727762200D2B3B6 /* ASIDataDecompressor.h */ = {isa = PBXFileReference; fileEncoding = 4; lastKnownFileType = sourcecode.c.h; path = ASIDataDecompressor.h; sourceTree = "<group>"; };
		04BDB0761727762200D2B3B6 /* ASIDataDecompressor.m */ = {isa = PBXFileReference; fileEncoding = 4; lastKnownFileType = sourcecode.c.objc; path = ASIDataDecompressor.m; sourceTree = "<group>"; };
		04BDB0771727762200D2B3B6 /* ASIDownloadCache.h */ = {isa = PBXFileReference; fileEncoding = 4; lastKnownFileType = sourcecode.c.h; path = ASIDownloadCache.h; sourceTree = "<group>"; };
		04BDB0781727762200D2B3B6 /* ASIDownloadCache.m */ = {isa = PBXFileReference; fileEncoding = 4; lastKnownFileType = sourcecode.c.objc; path = ASIDownloadCache.m; sourceTree = "<group>"; };
		04BDB0791727762200D2B3B6 /* ASIFormDataRequest.h */ = {isa = PBXFileReference; fileEncoding = 4; lastKnownFileType = sourcecode.c.h; path = ASIFormDataRequest.h; sourceTree = "<group>"; };
		04BDB07A1727762200D2B3B6 /* ASIFormDataRequest.m */ = {isa = PBXFileReference; fileEncoding = 4; lastKnownFileType = sourcecode.c.objc; path = ASIFormDataRequest.m; sourceTree = "<group>"; };
		04BDB07B1727762200D2B3B6 /* ASIHTTPRequest.h */ = {isa = PBXFileReference; fileEncoding = 4; lastKnownFileType = sourcecode.c.h; path = ASIHTTPRequest.h; sourceTree = "<group>"; };
		04BDB07C1727762200D2B3B6 /* ASIHTTPRequest.m */ = {isa = PBXFileReference; fileEncoding = 4; lastKnownFileType = sourcecode.c.objc; path = ASIHTTPRequest.m; sourceTree = "<group>"; };
		04BDB07D1727762200D2B3B6 /* ASIHTTPRequestConfig.h */ = {isa = PBXFileReference; fileEncoding = 4; lastKnownFileType = sourcecode.c.h; path = ASIHTTPRequestConfig.h; sourceTree = "<group>"; };
		04BDB07E1727762200D2B3B6 /* ASIHTTPRequestDelegate.h */ = {isa = PBXFileReference; fileEncoding = 4; lastKnownFileType = sourcecode.c.h; path = ASIHTTPRequestDelegate.h; sourceTree = "<group>"; };
		04BDB07F1727762200D2B3B6 /* ASIInputStream.h */ = {isa = PBXFileReference; fileEncoding = 4; lastKnownFileType = sourcecode.c.h; path = ASIInputStream.h; sourceTree = "<group>"; };
		04BDB0801727762200D2B3B6 /* ASIInputStream.m */ = {isa = PBXFileReference; fileEncoding = 4; lastKnownFileType = sourcecode.c.objc; path = ASIInputStream.m; sourceTree = "<group>"; };
		04BDB0811727762200D2B3B6 /* ASINetworkQueue.h */ = {isa = PBXFileReference; fileEncoding = 4; lastKnownFileType = sourcecode.c.h; path = ASINetworkQueue.h; sourceTree = "<group>"; };
		04BDB0821727762200D2B3B6 /* ASINetworkQueue.m */ = {isa = PBXFileReference; fileEncoding = 4; lastKnownFileType = sourcecode.c.objc; path = ASINetworkQueue.m; sourceTree = "<group>"; };
		04BDB0831727762200D2B3B6 /* ASIProgressDelegate.h */ = {isa = PBXFileReference; fileEncoding = 4; lastKnownFileType = sourcecode.c.h; path = ASIProgressDelegate.h; sourceTree = "<group>"; };
		04BDB0861727762200D2B3B6 /* ASICloudFilesCDNRequest.h */ = {isa = PBXFileReference; fileEncoding = 4; lastKnownFileType = sourcecode.c.h; path = ASICloudFilesCDNRequest.h; sourceTree = "<group>"; };
		04BDB0871727762200D2B3B6 /* ASICloudFilesCDNRequest.m */ = {isa = PBXFileReference; fileEncoding = 4; lastKnownFileType = sourcecode.c.objc; path = ASICloudFilesCDNRequest.m; sourceTree = "<group>"; };
		04BDB0881727762200D2B3B6 /* ASICloudFilesContainer.h */ = {isa = PBXFileReference; fileEncoding = 4; lastKnownFileType = sourcecode.c.h; path = ASICloudFilesContainer.h; sourceTree = "<group>"; };
		04BDB0891727762200D2B3B6 /* ASICloudFilesContainer.m */ = {isa = PBXFileReference; fileEncoding = 4; lastKnownFileType = sourcecode.c.objc; path = ASICloudFilesContainer.m; sourceTree = "<group>"; };
		04BDB08A1727762200D2B3B6 /* ASICloudFilesContainerRequest.h */ = {isa = PBXFileReference; fileEncoding = 4; lastKnownFileType = sourcecode.c.h; path = ASICloudFilesContainerRequest.h; sourceTree = "<group>"; };
		04BDB08B1727762200D2B3B6 /* ASICloudFilesContainerRequest.m */ = {isa = PBXFileReference; fileEncoding = 4; lastKnownFileType = sourcecode.c.objc; path = ASICloudFilesContainerRequest.m; sourceTree = "<group>"; };
		04BDB08C1727762200D2B3B6 /* ASICloudFilesContainerXMLParserDelegate.h */ = {isa = PBXFileReference; fileEncoding = 4; lastKnownFileType = sourcecode.c.h; path = ASICloudFilesContainerXMLParserDelegate.h; sourceTree = "<group>"; };
		04BDB08D1727762200D2B3B6 /* ASICloudFilesContainerXMLParserDelegate.m */ = {isa = PBXFileReference; fileEncoding = 4; lastKnownFileType = sourcecode.c.objc; path = ASICloudFilesContainerXMLParserDelegate.m; sourceTree = "<group>"; };
		04BDB08E1727762200D2B3B6 /* ASICloudFilesObject.h */ = {isa = PBXFileReference; fileEncoding = 4; lastKnownFileType = sourcecode.c.h; path = ASICloudFilesObject.h; sourceTree = "<group>"; };
		04BDB08F1727762200D2B3B6 /* ASICloudFilesObject.m */ = {isa = PBXFileReference; fileEncoding = 4; lastKnownFileType = sourcecode.c.objc; path = ASICloudFilesObject.m; sourceTree = "<group>"; };
		04BDB0901727762200D2B3B6 /* ASICloudFilesObjectRequest.h */ = {isa = PBXFileReference; fileEncoding = 4; lastKnownFileType = sourcecode.c.h; path = ASICloudFilesObjectRequest.h; sourceTree = "<group>"; };
		04BDB0911727762200D2B3B6 /* ASICloudFilesObjectRequest.m */ = {isa = PBXFileReference; fileEncoding = 4; lastKnownFileType = sourcecode.c.objc; path = ASICloudFilesObjectRequest.m; sourceTree = "<group>"; };
		04BDB0921727762200D2B3B6 /* ASICloudFilesRequest.h */ = {isa = PBXFileReference; fileEncoding = 4; lastKnownFileType = sourcecode.c.h; path = ASICloudFilesRequest.h; sourceTree = "<group>"; };
		04BDB0931727762200D2B3B6 /* ASICloudFilesRequest.m */ = {isa = PBXFileReference; fileEncoding = 4; lastKnownFileType = sourcecode.c.objc; path = ASICloudFilesRequest.m; sourceTree = "<group>"; };
		04BDB0951727762200D2B3B6 /* ASINSXMLParserCompat.h */ = {isa = PBXFileReference; fileEncoding = 4; lastKnownFileType = sourcecode.c.h; path = ASINSXMLParserCompat.h; sourceTree = "<group>"; };
		04BDB0961727762200D2B3B6 /* ASIS3Bucket.h */ = {isa = PBXFileReference; fileEncoding = 4; lastKnownFileType = sourcecode.c.h; path = ASIS3Bucket.h; sourceTree = "<group>"; };
		04BDB0971727762200D2B3B6 /* ASIS3Bucket.m */ = {isa = PBXFileReference; fileEncoding = 4; lastKnownFileType = sourcecode.c.objc; path = ASIS3Bucket.m; sourceTree = "<group>"; };
		04BDB0981727762200D2B3B6 /* ASIS3BucketObject.h */ = {isa = PBXFileReference; fileEncoding = 4; lastKnownFileType = sourcecode.c.h; path = ASIS3BucketObject.h; sourceTree = "<group>"; };
		04BDB0991727762200D2B3B6 /* ASIS3BucketObject.m */ = {isa = PBXFileReference; fileEncoding = 4; lastKnownFileType = sourcecode.c.objc; path = ASIS3BucketObject.m; sourceTree = "<group>"; };
		04BDB09A1727762200D2B3B6 /* ASIS3BucketRequest.h */ = {isa = PBXFileReference; fileEncoding = 4; lastKnownFileType = sourcecode.c.h; path = ASIS3BucketRequest.h; sourceTree = "<group>"; };
		04BDB09B1727762200D2B3B6 /* ASIS3BucketRequest.m */ = {isa = PBXFileReference; fileEncoding = 4; lastKnownFileType = sourcecode.c.objc; path = ASIS3BucketRequest.m; sourceTree = "<group>"; };
		04BDB09C1727762200D2B3B6 /* ASIS3ObjectRequest.h */ = {isa = PBXFileReference; fileEncoding = 4; lastKnownFileType = sourcecode.c.h; path = ASIS3ObjectRequest.h; sourceTree = "<group>"; };
		04BDB09D1727762200D2B3B6 /* ASIS3ObjectRequest.m */ = {isa = PBXFileReference; fileEncoding = 4; lastKnownFileType = sourcecode.c.objc; path = ASIS3ObjectRequest.m; sourceTree = "<group>"; };
		04BDB09E1727762200D2B3B6 /* ASIS3Request.h */ = {isa = PBXFileReference; fileEncoding = 4; lastKnownFileType = sourcecode.c.h; path = ASIS3Request.h; sourceTree = "<group>"; };
		04BDB09F1727762200D2B3B6 /* ASIS3Request.m */ = {isa = PBXFileReference; fileEncoding = 4; lastKnownFileType = sourcecode.c.objc; path = ASIS3Request.m; sourceTree = "<group>"; };
		04BDB0A01727762200D2B3B6 /* ASIS3ServiceRequest.h */ = {isa = PBXFileReference; fileEncoding = 4; lastKnownFileType = sourcecode.c.h; path = ASIS3ServiceRequest.h; sourceTree = "<group>"; };
		04BDB0A11727762200D2B3B6 /* ASIS3ServiceRequest.m */ = {isa = PBXFileReference; fileEncoding = 4; lastKnownFileType = sourcecode.c.objc; path = ASIS3ServiceRequest.m; sourceTree = "<group>"; };
		04BDB0A51727762200D2B3B6 /* README-GHUnit */ = {isa = PBXFileReference; fileEncoding = 4; lastKnownFileType = text; path = "README-GHUnit"; sourceTree = "<group>"; };
		04BDB0A71727762200D2B3B6 /* Reachability.h */ = {isa = PBXFileReference; fileEncoding = 4; lastKnownFileType = sourcecode.c.h; path = Reachability.h; sourceTree = "<group>"; };
		04BDB0A81727762200D2B3B6 /* Reachability.m */ = {isa = PBXFileReference; fileEncoding = 4; lastKnownFileType = sourcecode.c.objc; path = Reachability.m; sourceTree = "<group>"; };
		04BDB0C01727763700D2B3B6 /* libz.dylib */ = {isa = PBXFileReference; lastKnownFileType = "compiled.mach-o.dylib"; name = libz.dylib; path = usr/lib/libz.dylib; sourceTree = SDKROOT; };
		04BDB0C21727768A00D2B3B6 /* MobileCoreServices.framework */ = {isa = PBXFileReference; lastKnownFileType = wrapper.framework; name = MobileCoreServices.framework; path = System/Library/Frameworks/MobileCoreServices.framework; sourceTree = SDKROOT; };
/* End PBXFileReference section */

/* Begin PBXFrameworksBuildPhase section */
		04BDB03F172775A300D2B3B6 /* Frameworks */ = {
			isa = PBXFrameworksBuildPhase;
			buildActionMask = 2147483647;
			files = (
				04BDB0C31727768A00D2B3B6 /* MobileCoreServices.framework in Frameworks */,
				04BDB0C11727763700D2B3B6 /* libz.dylib in Frameworks */,
				04BDB06C172775FB00D2B3B6 /* QuartzCore.framework in Frameworks */,
				04BDB06A172775F200D2B3B6 /* CoreMotion.framework in Frameworks */,
				04BDB068172775E500D2B3B6 /* SystemConfiguration.framework in Frameworks */,
				04BDB066172775DD00D2B3B6 /* CFNetwork.framework in Frameworks */,
				04BDB046172775A300D2B3B6 /* UIKit.framework in Frameworks */,
				04BDB048172775A300D2B3B6 /* Foundation.framework in Frameworks */,
				04BDB04A172775A300D2B3B6 /* CoreGraphics.framework in Frameworks */,
			);
			runOnlyForDeploymentPostprocessing = 0;
		};
/* End PBXFrameworksBuildPhase section */

/* Begin PBXGroup section */
		04BDB039172775A300D2B3B6 = {
			isa = PBXGroup;
			children = (
				04BDB0C21727768A00D2B3B6 /* MobileCoreServices.framework */,
				04BDB0C01727763700D2B3B6 /* libz.dylib */,
				04BDB04B172775A300D2B3B6 /* MyNumber */,
				04BDB044172775A300D2B3B6 /* Frameworks */,
				04BDB043172775A300D2B3B6 /* Products */,
			);
			sourceTree = "<group>";
		};
		04BDB043172775A300D2B3B6 /* Products */ = {
			isa = PBXGroup;
			children = (
				04BDB042172775A300D2B3B6 /* MyNumber.app */,
			);
			name = Products;
			sourceTree = "<group>";
		};
		04BDB044172775A300D2B3B6 /* Frameworks */ = {
			isa = PBXGroup;
			children = (
				04BDB06B172775FB00D2B3B6 /* QuartzCore.framework */,
				04BDB069172775F200D2B3B6 /* CoreMotion.framework */,
				04BDB067172775E500D2B3B6 /* SystemConfiguration.framework */,
				04BDB065172775DD00D2B3B6 /* CFNetwork.framework */,
				04BDB045172775A300D2B3B6 /* UIKit.framework */,
				04BDB047172775A300D2B3B6 /* Foundation.framework */,
				04BDB049172775A300D2B3B6 /* CoreGraphics.framework */,
			);
			name = Frameworks;
			sourceTree = "<group>";
		};
		04BDB04B172775A300D2B3B6 /* MyNumber */ = {
			isa = PBXGroup;
			children = (
				04BDB06D1727761500D2B3B6 /* New Group */,
				04BDB054172775A300D2B3B6 /* AppDelegate.h */,
				04BDB055172775A300D2B3B6 /* AppDelegate.m */,
				04BDB04C172775A300D2B3B6 /* Supporting Files */,
				04BDB062172775B200D2B3B6 /* RootViewController.h */,
				04BDB063172775B200D2B3B6 /* RootViewController.m */,
			);
			path = MyNumber;
			sourceTree = "<group>";
		};
		04BDB04C172775A300D2B3B6 /* Supporting Files */ = {
			isa = PBXGroup;
			children = (
				04BDB04D172775A300D2B3B6 /* MyNumber-Info.plist */,
				04BDB04E172775A300D2B3B6 /* InfoPlist.strings */,
				04BDB051172775A300D2B3B6 /* main.m */,
				04BDB053172775A300D2B3B6 /* MyNumber-Prefix.pch */,
				04BDB057172775A300D2B3B6 /* Default.png */,
				04BDB059172775A300D2B3B6 /* Default@2x.png */,
				04BDB05B172775A300D2B3B6 /* Default-568h@2x.png */,
			);
			name = "Supporting Files";
			sourceTree = "<group>";
		};
		04BDB06D1727761500D2B3B6 /* New Group */ = {
			isa = PBXGroup;
			children = (
				04BDB06E1727762200D2B3B6 /* ASIHTTPRequest */,
			);
			name = "New Group";
			sourceTree = "<group>";
		};
		04BDB06E1727762200D2B3B6 /* ASIHTTPRequest */ = {
			isa = PBXGroup;
			children = (
				04BDB06F1727762200D2B3B6 /* ASIHTTPRequest */,
				04BDB0A31727762200D2B3B6 /* External */,
			);
			path = ASIHTTPRequest;
			sourceTree = "<group>";
		};
		04BDB06F1727762200D2B3B6 /* ASIHTTPRequest */ = {
			isa = PBXGroup;
			children = (
				04BDB0701727762200D2B3B6 /* ASIAuthenticationDialog.h */,
				04BDB0711727762200D2B3B6 /* ASIAuthenticationDialog.m */,
				04BDB0721727762200D2B3B6 /* ASICacheDelegate.h */,
				04BDB0731727762200D2B3B6 /* ASIDataCompressor.h */,
				04BDB0741727762200D2B3B6 /* ASIDataCompressor.m */,
				04BDB0751727762200D2B3B6 /* ASIDataDecompressor.h */,
				04BDB0761727762200D2B3B6 /* ASIDataDecompressor.m */,
				04BDB0771727762200D2B3B6 /* ASIDownloadCache.h */,
				04BDB0781727762200D2B3B6 /* ASIDownloadCache.m */,
				04BDB0791727762200D2B3B6 /* ASIFormDataRequest.h */,
				04BDB07A1727762200D2B3B6 /* ASIFormDataRequest.m */,
				04BDB07B1727762200D2B3B6 /* ASIHTTPRequest.h */,
				04BDB07C1727762200D2B3B6 /* ASIHTTPRequest.m */,
				04BDB07D1727762200D2B3B6 /* ASIHTTPRequestConfig.h */,
				04BDB07E1727762200D2B3B6 /* ASIHTTPRequestDelegate.h */,
				04BDB07F1727762200D2B3B6 /* ASIInputStream.h */,
				04BDB0801727762200D2B3B6 /* ASIInputStream.m */,
				04BDB0811727762200D2B3B6 /* ASINetworkQueue.h */,
				04BDB0821727762200D2B3B6 /* ASINetworkQueue.m */,
				04BDB0831727762200D2B3B6 /* ASIProgressDelegate.h */,
				04BDB0841727762200D2B3B6 /* ASIWebPageRequest */,
				04BDB0851727762200D2B3B6 /* CloudFiles */,
				04BDB0941727762200D2B3B6 /* S3 */,
				04BDB0A21727762200D2B3B6 /* Tests */,
			);
			path = ASIHTTPRequest;
			sourceTree = "<group>";
		};
		04BDB0841727762200D2B3B6 /* ASIWebPageRequest */ = {
			isa = PBXGroup;
			children = (
			);
			path = ASIWebPageRequest;
			sourceTree = "<group>";
		};
		04BDB0851727762200D2B3B6 /* CloudFiles */ = {
			isa = PBXGroup;
			children = (
				04BDB0861727762200D2B3B6 /* ASICloudFilesCDNRequest.h */,
				04BDB0871727762200D2B3B6 /* ASICloudFilesCDNRequest.m */,
				04BDB0881727762200D2B3B6 /* ASICloudFilesContainer.h */,
				04BDB0891727762200D2B3B6 /* ASICloudFilesContainer.m */,
				04BDB08A1727762200D2B3B6 /* ASICloudFilesContainerRequest.h */,
				04BDB08B1727762200D2B3B6 /* ASICloudFilesContainerRequest.m */,
				04BDB08C1727762200D2B3B6 /* ASICloudFilesContainerXMLParserDelegate.h */,
				04BDB08D1727762200D2B3B6 /* ASICloudFilesContainerXMLParserDelegate.m */,
				04BDB08E1727762200D2B3B6 /* ASICloudFilesObject.h */,
				04BDB08F1727762200D2B3B6 /* ASICloudFilesObject.m */,
				04BDB0901727762200D2B3B6 /* ASICloudFilesObjectRequest.h */,
				04BDB0911727762200D2B3B6 /* ASICloudFilesObjectRequest.m */,
				04BDB0921727762200D2B3B6 /* ASICloudFilesRequest.h */,
				04BDB0931727762200D2B3B6 /* ASICloudFilesRequest.m */,
			);
			path = CloudFiles;
			sourceTree = "<group>";
		};
		04BDB0941727762200D2B3B6 /* S3 */ = {
			isa = PBXGroup;
			children = (
				04BDB0951727762200D2B3B6 /* ASINSXMLParserCompat.h */,
				04BDB0961727762200D2B3B6 /* ASIS3Bucket.h */,
				04BDB0971727762200D2B3B6 /* ASIS3Bucket.m */,
				04BDB0981727762200D2B3B6 /* ASIS3BucketObject.h */,
				04BDB0991727762200D2B3B6 /* ASIS3BucketObject.m */,
				04BDB09A1727762200D2B3B6 /* ASIS3BucketRequest.h */,
				04BDB09B1727762200D2B3B6 /* ASIS3BucketRequest.m */,
				04BDB09C1727762200D2B3B6 /* ASIS3ObjectRequest.h */,
				04BDB09D1727762200D2B3B6 /* ASIS3ObjectRequest.m */,
				04BDB09E1727762200D2B3B6 /* ASIS3Request.h */,
				04BDB09F1727762200D2B3B6 /* ASIS3Request.m */,
				04BDB0A01727762200D2B3B6 /* ASIS3ServiceRequest.h */,
				04BDB0A11727762200D2B3B6 /* ASIS3ServiceRequest.m */,
			);
			path = S3;
			sourceTree = "<group>";
		};
		04BDB0A21727762200D2B3B6 /* Tests */ = {
			isa = PBXGroup;
			children = (
			);
			path = Tests;
			sourceTree = "<group>";
		};
		04BDB0A31727762200D2B3B6 /* External */ = {
			isa = PBXGroup;
			children = (
				04BDB0A41727762200D2B3B6 /* GHUnit */,
				04BDB0A61727762200D2B3B6 /* Reachability */,
			);
			path = External;
			sourceTree = "<group>";
		};
		04BDB0A41727762200D2B3B6 /* GHUnit */ = {
			isa = PBXGroup;
			children = (
				04BDB0A51727762200D2B3B6 /* README-GHUnit */,
			);
			path = GHUnit;
			sourceTree = "<group>";
		};
		04BDB0A61727762200D2B3B6 /* Reachability */ = {
			isa = PBXGroup;
			children = (
				04BDB0A71727762200D2B3B6 /* Reachability.h */,
				04BDB0A81727762200D2B3B6 /* Reachability.m */,
			);
			path = Reachability;
			sourceTree = "<group>";
		};
/* End PBXGroup section */

/* Begin PBXNativeTarget section */
		04BDB041172775A300D2B3B6 /* MyNumber */ = {
			isa = PBXNativeTarget;
			buildConfigurationList = 04BDB05F172775A300D2B3B6 /* Build configuration list for PBXNativeTarget "MyNumber" */;
			buildPhases = (
				04BDB03E172775A300D2B3B6 /* Sources */,
				04BDB03F172775A300D2B3B6 /* Frameworks */,
				04BDB040172775A300D2B3B6 /* Resources */,
			);
			buildRules = (
			);
			dependencies = (
			);
			name = MyNumber;
			productName = MyNumber;
			productReference = 04BDB042172775A300D2B3B6 /* MyNumber.app */;
			productType = "com.apple.product-type.application";
		};
/* End PBXNativeTarget section */

/* Begin PBXProject section */
		04BDB03A172775A300D2B3B6 /* Project object */ = {
			isa = PBXProject;
			attributes = {
				LastUpgradeCheck = 0460;
				ORGANIZATIONNAME = XmL;
			};
			buildConfigurationList = 04BDB03D172775A300D2B3B6 /* Build configuration list for PBXProject "MyNumber" */;
			compatibilityVersion = "Xcode 3.2";
			developmentRegion = English;
			hasScannedForEncodings = 0;
			knownRegions = (
				en,
			);
			mainGroup = 04BDB039172775A300D2B3B6;
			productRefGroup = 04BDB043172775A300D2B3B6 /* Products */;
			projectDirPath = "";
			projectRoot = "";
			targets = (
				04BDB041172775A300D2B3B6 /* MyNumber */,
			);
		};
/* End PBXProject section */

/* Begin PBXResourcesBuildPhase section */
		04BDB040172775A300D2B3B6 /* Resources */ = {
			isa = PBXResourcesBuildPhase;
			buildActionMask = 2147483647;
			files = (
				04BDB050172775A300D2B3B6 /* InfoPlist.strings in Resources */,
				04BDB058172775A300D2B3B6 /* Default.png in Resources */,
				04BDB05A172775A300D2B3B6 /* Default@2x.png in Resources */,
				04BDB05C172775A300D2B3B6 /* Default-568h@2x.png in Resources */,
				04BDB0BE1727762300D2B3B6 /* README-GHUnit in Resources */,
			);
			runOnlyForDeploymentPostprocessing = 0;
		};
/* End PBXResourcesBuildPhase section */

/* Begin PBXSourcesBuildPhase section */
		04BDB03E172775A300D2B3B6 /* Sources */ = {
			isa = PBXSourcesBuildPhase;
			buildActionMask = 2147483647;
			files = (
				04BDB052172775A300D2B3B6 /* main.m in Sources */,
				04BDB056172775A300D2B3B6 /* AppDelegate.m in Sources */,
				04BDB064172775B200D2B3B6 /* RootViewController.m in Sources */,
				04BDB0A91727762200D2B3B6 /* ASIAuthenticationDialog.m in Sources */,
				04BDB0AA1727762300D2B3B6 /* ASIDataCompressor.m in Sources */,
				04BDB0AB1727762300D2B3B6 /* ASIDataDecompressor.m in Sources */,
				04BDB0AC1727762300D2B3B6 /* ASIDownloadCache.m in Sources */,
				04BDB0AD1727762300D2B3B6 /* ASIFormDataRequest.m in Sources */,
				04BDB0AE1727762300D2B3B6 /* ASIHTTPRequest.m in Sources */,
				04BDB0AF1727762300D2B3B6 /* ASIInputStream.m in Sources */,
				04BDB0B01727762300D2B3B6 /* ASINetworkQueue.m in Sources */,
				04BDB0B11727762300D2B3B6 /* ASICloudFilesCDNRequest.m in Sources */,
				04BDB0B21727762300D2B3B6 /* ASICloudFilesContainer.m in Sources */,
				04BDB0B31727762300D2B3B6 /* ASICloudFilesContainerRequest.m in Sources */,
				04BDB0B41727762300D2B3B6 /* ASICloudFilesContainerXMLParserDelegate.m in Sources */,
				04BDB0B51727762300D2B3B6 /* ASICloudFilesObject.m in Sources */,
				04BDB0B61727762300D2B3B6 /* ASICloudFilesObjectRequest.m in Sources */,
				04BDB0B71727762300D2B3B6 /* ASICloudFilesRequest.m in Sources */,
				04BDB0B81727762300D2B3B6 /* ASIS3Bucket.m in Sources */,
				04BDB0B91727762300D2B3B6 /* ASIS3BucketObject.m in Sources */,
				04BDB0BA1727762300D2B3B6 /* ASIS3BucketRequest.m in Sources */,
				04BDB0BB1727762300D2B3B6 /* ASIS3ObjectRequest.m in Sources */,
				04BDB0BC1727762300D2B3B6 /* ASIS3Request.m in Sources */,
				04BDB0BD1727762300D2B3B6 /* ASIS3ServiceRequest.m in Sources */,
				04BDB0BF1727762300D2B3B6 /* Reachability.m in Sources */,
			);
			runOnlyForDeploymentPostprocessing = 0;
		};
/* End PBXSourcesBuildPhase section */

/* Begin PBXVariantGroup section */
		04BDB04E172775A300D2B3B6 /* InfoPlist.strings */ = {
			isa = PBXVariantGroup;
			children = (
				04BDB04F172775A300D2B3B6 /* en */,
			);
			name = InfoPlist.strings;
			sourceTree = "<group>";
		};
/* End PBXVariantGroup section */

/* Begin XCBuildConfiguration section */
		04BDB05D172775A300D2B3B6 /* Debug */ = {
			isa = XCBuildConfiguration;
			buildSettings = {
				ALWAYS_SEARCH_USER_PATHS = NO;
				CLANG_CXX_LANGUAGE_STANDARD = "gnu++0x";
				CLANG_CXX_LIBRARY = "libc++";
				CLANG_WARN_CONSTANT_CONVERSION = YES;
				CLANG_WARN_EMPTY_BODY = YES;
				CLANG_WARN_ENUM_CONVERSION = YES;
				CLANG_WARN_INT_CONVERSION = YES;
				CLANG_WARN__DUPLICATE_METHOD_MATCH = YES;
				"CODE_SIGN_IDENTITY[sdk=iphoneos*]" = "iPhone Developer";
				COPY_PHASE_STRIP = NO;
				GCC_C_LANGUAGE_STANDARD = gnu99;
				GCC_DYNAMIC_NO_PIC = NO;
				GCC_OPTIMIZATION_LEVEL = 0;
				GCC_PREPROCESSOR_DEFINITIONS = (
					"DEBUG=1",
					"$(inherited)",
				);
				GCC_SYMBOLS_PRIVATE_EXTERN = NO;
				GCC_WARN_ABOUT_RETURN_TYPE = YES;
				GCC_WARN_UNINITIALIZED_AUTOS = YES;
				GCC_WARN_UNUSED_VARIABLE = YES;
				IPHONEOS_DEPLOYMENT_TARGET = 6.1;
				ONLY_ACTIVE_ARCH = YES;
				SDKROOT = iphoneos;
			};
			name = Debug;
		};
		04BDB05E172775A300D2B3B6 /* Release */ = {
			isa = XCBuildConfiguration;
			buildSettings = {
				ALWAYS_SEARCH_USER_PATHS = NO;
				CLANG_CXX_LANGUAGE_STANDARD = "gnu++0x";
				CLANG_CXX_LIBRARY = "libc++";
				CLANG_WARN_CONSTANT_CONVERSION = YES;
				CLANG_WARN_EMPTY_BODY = YES;
				CLANG_WARN_ENUM_CONVERSION = YES;
				CLANG_WARN_INT_CONVERSION = YES;
				CLANG_WARN__DUPLICATE_METHOD_MATCH = YES;
				"CODE_SIGN_IDENTITY[sdk=iphoneos*]" = "iPhone Developer";
				COPY_PHASE_STRIP = YES;
				GCC_C_LANGUAGE_STANDARD = gnu99;
				GCC_WARN_ABOUT_RETURN_TYPE = YES;
				GCC_WARN_UNINITIALIZED_AUTOS = YES;
				GCC_WARN_UNUSED_VARIABLE = YES;
				IPHONEOS_DEPLOYMENT_TARGET = 6.1;
				OTHER_CFLAGS = "-DNS_BLOCK_ASSERTIONS=1";
				SDKROOT = iphoneos;
				VALIDATE_PRODUCT = YES;
			};
			name = Release;
		};
		04BDB060172775A300D2B3B6 /* Debug */ = {
			isa = XCBuildConfiguration;
			buildSettings = {
				GCC_PRECOMPILE_PREFIX_HEADER = YES;
				GCC_PREFIX_HEADER = "MyNumber/MyNumber-Prefix.pch";
				INFOPLIST_FILE = "MyNumber/MyNumber-Info.plist";
				PRODUCT_NAME = "$(TARGET_NAME)";
				WRAPPER_EXTENSION = app;
			};
			name = Debug;
		};
		04BDB061172775A300D2B3B6 /* Release */ = {
			isa = XCBuildConfiguration;
			buildSettings = {
				GCC_PRECOMPILE_PREFIX_HEADER = YES;
				GCC_PREFIX_HEADER = "MyNumber/MyNumber-Prefix.pch";
				INFOPLIST_FILE = "MyNumber/MyNumber-Info.plist";
				PRODUCT_NAME = "$(TARGET_NAME)";
				WRAPPER_EXTENSION = app;
			};
			name = Release;
		};
/* End XCBuildConfiguration section */

/* Begin XCConfigurationList section */
		04BDB03D172775A300D2B3B6 /* Build configuration list for PBXProject "MyNumber" */ = {
			isa = XCConfigurationList;
			buildConfigurations = (
				04BDB05D172775A300D2B3B6 /* Debug */,
				04BDB05E172775A300D2B3B6 /* Release */,
			);
			defaultConfigurationIsVisible = 0;
			defaultConfigurationName = Release;
		};
		04BDB05F172775A300D2B3B6 /* Build configuration list for PBXNativeTarget "MyNumber" */ = {
			isa = XCConfigurationList;
			buildConfigurations = (
				04BDB060172775A300D2B3B6 /* Debug */,
				04BDB061172775A300D2B3B6 /* Release */,
			);
			defaultConfigurationIsVisible = 0;
		};
/* End XCConfigurationList section */
	};
	rootObject = 04BDB03A172775A300D2B3B6 /* Project object */;
}
